
Microsoft Visual Studio Solution File, Format Version 12.00
# Visual Studio Version 16
VisualStudioVersion = 16.0.31129.286
MinimumVisualStudioVersion = 10.0.40219.1
Project("{8BC9CEB8-8B4A-11D0-8D11-00A0C91BC942}") = "Factorial", "Factorial\Factorial.vcxproj", "{991FADC6-F47F-4334-B87C-3E3ED7DA91FB}"
EndProject
Global
	GlobalSection(SolutionConfigurationPlatforms) = preSolution
		Debug|x64 = Debug|x64
		Debug|x86 = Debug|x86
		Release|x64 = Release|x64
		Release|x86 = Release|x86
	EndGlobalSection
	GlobalSection(ProjectConfigurationPlatforms) = postSolution
		{991FADC6-F47F-4334-B87C-3E3ED7DA91FB}.Debug|x64.ActiveCfg = Debug|x64
		{991FADC6-F47F-4334-B87C-3E3ED7DA91FB}.Debug|x64.Build.0 = Debug|x64
		{991FADC6-F47F-4334-B87C-3E3ED7DA91FB}.Debug|x86.ActiveCfg = Debug|Win32
		{991FADC6-F47F-4334-B87C-3E3ED7DA91FB}.Debug|x86.Build.0 = Debug|Win32
		{991FADC6-F47F-4334-B87C-3E3ED7DA91FB}.Release|x64.ActiveCfg = Release|x64
		{991FADC6-F47F-4334-B87C-3E3ED7DA91FB}.Release|x64.Build.0 = Release|x64
		{991FADC6-F47F-4334-B87C-3E3ED7DA91FB}.Release|x86.ActiveCfg = Release|Win32
		{991FADC6-F47F-4334-B87C-3E3ED7DA91FB}.Release|x86.Build.0 = Release|Win32
	EndGlobalSection
	GlobalSection(SolutionProperties) = preSolution
		HideSolutionNode = FALSE
	EndGlobalSection
	GlobalSection(ExtensibilityGlobals) = postSolution
		SolutionGuid = {74EA9623-54B6-45CD-A028-5AD30C609BBD}
	EndGlobalSection
EndGlobal
